
Microsoft Visual Studio Solution File, Format Version 12.00
# Visual Studio Version 16
VisualStudioVersion = 16.0.29827.131
MinimumVisualStudioVersion = 15.0.26124.0
Project("{D954291E-2A0B-460D-934E-DC6B0785DB48}") = "FreeTypeSharp.Shared", "FreeTypeSharp.Shared\FreeTypeSharp.Shared.shproj", "{8B03EE04-FCD0-405A-89CF-3274C1E72695}"
EndProject
Project("{9A19103F-16F7-4668-BE54-9A1E7A4F7556}") = "FreeTypeSharp.Core", "FreeTypeSharp.Core\FreeTypeSharp.Core.csproj", "{F03BDA73-4754-4199-B144-C2588A5912DC}"
EndProject
Project("{9A19103F-16F7-4668-BE54-9A1E7A4F7556}") = "FreeTypeSharp.iOS", "FreeTypeSharp.iOS\FreeTypeSharp.iOS.csproj", "{8D016D01-EFC6-4745-BBDE-AD66CCD36690}"
EndProject
Project("{9A19103F-16F7-4668-BE54-9A1E7A4F7556}") = "FreeTypeSharp.Android", "FreeTypeSharp.Android\FreeTypeSharp.Android.csproj", "{A1BB0D95-50CA-4FFF-B5D1-AE16A99FE906}"
EndProject
Project("{9A19103F-16F7-4668-BE54-9A1E7A4F7556}") = "FreeTypeSharp.Core.Test", "FreeTypeSharp.Core.Test\FreeTypeSharp.Core.Test.csproj", "{C86B017B-C5BE-4B86-9D1C-84896DAA7147}"
EndProject
Project("{FAE04EC0-301F-11D3-BF4B-00C04F79EFBC}") = "FreeTypeSharp.iOS.Test", "FreeTypeSharp.iOS.Test\FreeTypeSharp.iOS.Test.csproj", "{CA7AB65C-57DE-412C-AF42-E7E6EDDF2D5F}"
EndProject
Project("{FAE04EC0-301F-11D3-BF4B-00C04F79EFBC}") = "FreeTypeSharp.Android.Test", "FreeTypeSharp.Android.Test\FreeTypeSharp.Android.Test.csproj", "{410C0262-131C-4D0E-910D-D01B4F7143E0}"
EndProject
Project("{FAE04EC0-301F-11D3-BF4B-00C04F79EFBC}") = "FreeTypeSharp.UWP", "FreeTypeSharp.UWP\FreeTypeSharp.UWP.csproj", "{1AD839CB-6EC9-4FCC-A343-C0A9E1DF9CEF}"
EndProject
Global
	GlobalSection(SharedMSBuildProjectFiles) = preSolution
		FreeTypeSharp.Shared\FreeTypeSharp.Shared.projitems*{1ad839cb-6ec9-4fcc-a343-c0a9e1df9cef}*SharedItemsImports = 5
		FreeTypeSharp.Shared\FreeTypeSharp.Shared.projitems*{8b03ee04-fcd0-405a-89cf-3274c1e72695}*SharedItemsImports = 13
		FreeTypeSharp.Shared\FreeTypeSharp.Shared.projitems*{8d016d01-efc6-4745-bbde-ad66ccd36690}*SharedItemsImports = 5
		FreeTypeSharp.Shared\FreeTypeSharp.Shared.projitems*{a1bb0d95-50ca-4fff-b5d1-ae16a99fe906}*SharedItemsImports = 5
		FreeTypeSharp.Shared\FreeTypeSharp.Shared.projitems*{f03bda73-4754-4199-b144-c2588a5912dc}*SharedItemsImports = 5
	EndGlobalSection
	GlobalSection(SolutionConfigurationPlatforms) = preSolution
		Ad-Hoc|Any CPU = Ad-Hoc|Any CPU
		Ad-Hoc|ARM = Ad-Hoc|ARM
		Ad-Hoc|ARM64 = Ad-Hoc|ARM64
		Ad-Hoc|iPhone = Ad-Hoc|iPhone
		Ad-Hoc|iPhoneSimulator = Ad-Hoc|iPhoneSimulator
		Ad-Hoc|x64 = Ad-Hoc|x64
		Ad-Hoc|x86 = Ad-Hoc|x86
		AppStore|Any CPU = AppStore|Any CPU
		AppStore|ARM = AppStore|ARM
		AppStore|ARM64 = AppStore|ARM64
		AppStore|iPhone = AppStore|iPhone
		AppStore|iPhoneSimulator = AppStore|iPhoneSimulator
		AppStore|x64 = AppStore|x64
		AppStore|x86 = AppStore|x86
		Debug|Any CPU = Debug|Any CPU
		Debug|ARM = Debug|ARM
		Debug|ARM64 = Debug|ARM64
		Debug|iPhone = Debug|iPhone
		Debug|iPhoneSimulator = Debug|iPhoneSimulator
		Debug|x64 = Debug|x64
		Debug|x86 = Debug|x86
		Release|Any CPU = Release|Any CPU
		Release|ARM = Release|ARM
		Release|ARM64 = Release|ARM64
		Release|iPhone = Release|iPhone
		Release|iPhoneSimulator = Release|iPhoneSimulator
		Release|x64 = Release|x64
		Release|x86 = Release|x86
	EndGlobalSection
	GlobalSection(ProjectConfigurationPlatforms) = postSolution
		{F03BDA73-4754-4199-B144-C2588A5912DC}.Ad-Hoc|Any CPU.ActiveCfg = Release|Any CPU
		{F03BDA73-4754-4199-B144-C2588A5912DC}.Ad-Hoc|Any CPU.Build.0 = Release|Any CPU
		{F03BDA73-4754-4199-B144-C2588A5912DC}.Ad-Hoc|ARM.ActiveCfg = Release|Any CPU
		{F03BDA73-4754-4199-B144-C2588A5912DC}.Ad-Hoc|ARM.Build.0 = Release|Any CPU
		{F03BDA73-4754-4199-B144-C2588A5912DC}.Ad-Hoc|ARM64.ActiveCfg = Release|Any CPU
		{F03BDA73-4754-4199-B144-C2588A5912DC}.Ad-Hoc|ARM64.Build.0 = Release|Any CPU
		{F03BDA73-4754-4199-B144-C2588A5912DC}.Ad-Hoc|iPhone.ActiveCfg = Debug|Any CPU
		{F03BDA73-4754-4199-B144-C2588A5912DC}.Ad-Hoc|iPhone.Build.0 = Debug|Any CPU
		{F03BDA73-4754-4199-B144-C2588A5912DC}.Ad-Hoc|iPhoneSimulator.ActiveCfg = Release|Any CPU
		{F03BDA73-4754-4199-B144-C2588A5912DC}.Ad-Hoc|iPhoneSimulator.Build.0 = Release|Any CPU
		{F03BDA73-4754-4199-B144-C2588A5912DC}.Ad-Hoc|x64.ActiveCfg = Release|Any CPU
		{F03BDA73-4754-4199-B144-C2588A5912DC}.Ad-Hoc|x64.Build.0 = Release|Any CPU
		{F03BDA73-4754-4199-B144-C2588A5912DC}.Ad-Hoc|x86.ActiveCfg = Release|Any CPU
		{F03BDA73-4754-4199-B144-C2588A5912DC}.Ad-Hoc|x86.Build.0 = Release|Any CPU
		{F03BDA73-4754-4199-B144-C2588A5912DC}.AppStore|Any CPU.ActiveCfg = Release|Any CPU
		{F03BDA73-4754-4199-B144-C2588A5912DC}.AppStore|Any CPU.Build.0 = Release|Any CPU
		{F03BDA73-4754-4199-B144-C2588A5912DC}.AppStore|ARM.ActiveCfg = Release|Any CPU
		{F03BDA73-4754-4199-B144-C2588A5912DC}.AppStore|ARM.Build.0 = Release|Any CPU
		{F03BDA73-4754-4199-B144-C2588A5912DC}.AppStore|ARM64.ActiveCfg = Release|Any CPU
		{F03BDA73-4754-4199-B144-C2588A5912DC}.AppStore|ARM64.Build.0 = Release|Any CPU
		{F03BDA73-4754-4199-B144-C2588A5912DC}.AppStore|iPhone.ActiveCfg = Debug|Any CPU
		{F03BDA73-4754-4199-B144-C2588A5912DC}.AppStore|iPhone.Build.0 = Debug|Any CPU
		{F03BDA73-4754-4199-B144-C2588A5912DC}.AppStore|iPhoneSimulator.ActiveCfg = Release|Any CPU
		{F03BDA73-4754-4199-B144-C2588A5912DC}.AppStore|iPhoneSimulator.Build.0 = Release|Any CPU
		{F03BDA73-4754-4199-B144-C2588A5912DC}.AppStore|x64.ActiveCfg = Release|Any CPU
		{F03BDA73-4754-4199-B144-C2588A5912DC}.AppStore|x64.Build.0 = Release|Any CPU
		{F03BDA73-4754-4199-B144-C2588A5912DC}.AppStore|x86.ActiveCfg = Release|Any CPU
		{F03BDA73-4754-4199-B144-C2588A5912DC}.AppStore|x86.Build.0 = Release|Any CPU
		{F03BDA73-4754-4199-B144-C2588A5912DC}.Debug|Any CPU.ActiveCfg = Debug|Any CPU
		{F03BDA73-4754-4199-B144-C2588A5912DC}.Debug|Any CPU.Build.0 = Debug|Any CPU
		{F03BDA73-4754-4199-B144-C2588A5912DC}.Debug|ARM.ActiveCfg = Debug|Any CPU
		{F03BDA73-4754-4199-B144-C2588A5912DC}.Debug|ARM.Build.0 = Debug|Any CPU
		{F03BDA73-4754-4199-B144-C2588A5912DC}.Debug|ARM64.ActiveCfg = Debug|Any CPU
		{F03BDA73-4754-4199-B144-C2588A5912DC}.Debug|ARM64.Build.0 = Debug|Any CPU
		{F03BDA73-4754-4199-B144-C2588A5912DC}.Debug|iPhone.ActiveCfg = Debug|Any CPU
		{F03BDA73-4754-4199-B144-C2588A5912DC}.Debug|iPhone.Build.0 = Debug|Any CPU
		{F03BDA73-4754-4199-B144-C2588A5912DC}.Debug|iPhoneSimulator.ActiveCfg = Debug|Any CPU
		{F03BDA73-4754-4199-B144-C2588A5912DC}.Debug|iPhoneSimulator.Build.0 = Debug|Any CPU
		{F03BDA73-4754-4199-B144-C2588A5912DC}.Debug|x64.ActiveCfg = Debug|Any CPU
		{F03BDA73-4754-4199-B144-C2588A5912DC}.Debug|x64.Build.0 = Debug|Any CPU
		{F03BDA73-4754-4199-B144-C2588A5912DC}.Debug|x86.ActiveCfg = Debug|Any CPU
		{F03BDA73-4754-4199-B144-C2588A5912DC}.Debug|x86.Build.0 = Debug|Any CPU
		{F03BDA73-4754-4199-B144-C2588A5912DC}.Release|Any CPU.ActiveCfg = Release|Any CPU
		{F03BDA73-4754-4199-B144-C2588A5912DC}.Release|Any CPU.Build.0 = Release|Any CPU
		{F03BDA73-4754-4199-B144-C2588A5912DC}.Release|ARM.ActiveCfg = Release|Any CPU
		{F03BDA73-4754-4199-B144-C2588A5912DC}.Release|ARM.Build.0 = Release|Any CPU
		{F03BDA73-4754-4199-B144-C2588A5912DC}.Release|ARM64.ActiveCfg = Release|Any CPU
		{F03BDA73-4754-4199-B144-C2588A5912DC}.Release|ARM64.Build.0 = Release|Any CPU
		{F03BDA73-4754-4199-B144-C2588A5912DC}.Release|iPhone.ActiveCfg = Release|Any CPU
		{F03BDA73-4754-4199-B144-C2588A5912DC}.Release|iPhone.Build.0 = Release|Any CPU
		{F03BDA73-4754-4199-B144-C2588A5912DC}.Release|iPhoneSimulator.ActiveCfg = Release|Any CPU
		{F03BDA73-4754-4199-B144-C2588A5912DC}.Release|iPhoneSimulator.Build.0 = Release|Any CPU
		{F03BDA73-4754-4199-B144-C2588A5912DC}.Release|x64.ActiveCfg = Release|Any CPU
		{F03BDA73-4754-4199-B144-C2588A5912DC}.Release|x64.Build.0 = Release|Any CPU
		{F03BDA73-4754-4199-B144-C2588A5912DC}.Release|x86.ActiveCfg = Release|Any CPU
		{F03BDA73-4754-4199-B144-C2588A5912DC}.Release|x86.Build.0 = Release|Any CPU
		{8D016D01-EFC6-4745-BBDE-AD66CCD36690}.Ad-Hoc|Any CPU.ActiveCfg = Release|Any CPU
		{8D016D01-EFC6-4745-BBDE-AD66CCD36690}.Ad-Hoc|Any CPU.Build.0 = Release|Any CPU
		{8D016D01-EFC6-4745-BBDE-AD66CCD36690}.Ad-Hoc|ARM.ActiveCfg = Release|Any CPU
		{8D016D01-EFC6-4745-BBDE-AD66CCD36690}.Ad-Hoc|ARM.Build.0 = Release|Any CPU
		{8D016D01-EFC6-4745-BBDE-AD66CCD36690}.Ad-Hoc|ARM64.ActiveCfg = Release|Any CPU
		{8D016D01-EFC6-4745-BBDE-AD66CCD36690}.Ad-Hoc|ARM64.Build.0 = Release|Any CPU
		{8D016D01-EFC6-4745-BBDE-AD66CCD36690}.Ad-Hoc|iPhone.ActiveCfg = Debug|Any CPU
		{8D016D01-EFC6-4745-BBDE-AD66CCD36690}.Ad-Hoc|iPhone.Build.0 = Debug|Any CPU
		{8D016D01-EFC6-4745-BBDE-AD66CCD36690}.Ad-Hoc|iPhoneSimulator.ActiveCfg = Release|Any CPU
		{8D016D01-EFC6-4745-BBDE-AD66CCD36690}.Ad-Hoc|iPhoneSimulator.Build.0 = Release|Any CPU
		{8D016D01-EFC6-4745-BBDE-AD66CCD36690}.Ad-Hoc|x64.ActiveCfg = Release|Any CPU
		{8D016D01-EFC6-4745-BBDE-AD66CCD36690}.Ad-Hoc|x64.Build.0 = Release|Any CPU
		{8D016D01-EFC6-4745-BBDE-AD66CCD36690}.Ad-Hoc|x86.ActiveCfg = Release|Any CPU
		{8D016D01-EFC6-4745-BBDE-AD66CCD36690}.Ad-Hoc|x86.Build.0 = Release|Any CPU
		{8D016D01-EFC6-4745-BBDE-AD66CCD36690}.AppStore|Any CPU.ActiveCfg = Release|Any CPU
		{8D016D01-EFC6-4745-BBDE-AD66CCD36690}.AppStore|Any CPU.Build.0 = Release|Any CPU
		{8D016D01-EFC6-4745-BBDE-AD66CCD36690}.AppStore|ARM.ActiveCfg = Release|Any CPU
		{8D016D01-EFC6-4745-BBDE-AD66CCD36690}.AppStore|ARM.Build.0 = Release|Any CPU
		{8D016D01-EFC6-4745-BBDE-AD66CCD36690}.AppStore|ARM64.ActiveCfg = Release|Any CPU
		{8D016D01-EFC6-4745-BBDE-AD66CCD36690}.AppStore|ARM64.Build.0 = Release|Any CPU
		{8D016D01-EFC6-4745-BBDE-AD66CCD36690}.AppStore|iPhone.ActiveCfg = Debug|Any CPU
		{8D016D01-EFC6-4745-BBDE-AD66CCD36690}.AppStore|iPhone.Build.0 = Debug|Any CPU
		{8D016D01-EFC6-4745-BBDE-AD66CCD36690}.AppStore|iPhoneSimulator.ActiveCfg = Release|Any CPU
		{8D016D01-EFC6-4745-BBDE-AD66CCD36690}.AppStore|iPhoneSimulator.Build.0 = Release|Any CPU
		{8D016D01-EFC6-4745-BBDE-AD66CCD36690}.AppStore|x64.ActiveCfg = Release|Any CPU
		{8D016D01-EFC6-4745-BBDE-AD66CCD36690}.AppStore|x64.Build.0 = Release|Any CPU
		{8D016D01-EFC6-4745-BBDE-AD66CCD36690}.AppStore|x86.ActiveCfg = Release|Any CPU
		{8D016D01-EFC6-4745-BBDE-AD66CCD36690}.AppStore|x86.Build.0 = Release|Any CPU
		{8D016D01-EFC6-4745-BBDE-AD66CCD36690}.Debug|Any CPU.ActiveCfg = Debug|Any CPU
		{8D016D01-EFC6-4745-BBDE-AD66CCD36690}.Debug|Any CPU.Build.0 = Debug|Any CPU
		{8D016D01-EFC6-4745-BBDE-AD66CCD36690}.Debug|ARM.ActiveCfg = Debug|Any CPU
		{8D016D01-EFC6-4745-BBDE-AD66CCD36690}.Debug|ARM.Build.0 = Debug|Any CPU
		{8D016D01-EFC6-4745-BBDE-AD66CCD36690}.Debug|ARM64.ActiveCfg = Debug|Any CPU
		{8D016D01-EFC6-4745-BBDE-AD66CCD36690}.Debug|ARM64.Build.0 = Debug|Any CPU
		{8D016D01-EFC6-4745-BBDE-AD66CCD36690}.Debug|iPhone.ActiveCfg = Debug|Any CPU
		{8D016D01-EFC6-4745-BBDE-AD66CCD36690}.Debug|iPhone.Build.0 = Debug|Any CPU
		{8D016D01-EFC6-4745-BBDE-AD66CCD36690}.Debug|iPhoneSimulator.ActiveCfg = Debug|Any CPU
		{8D016D01-EFC6-4745-BBDE-AD66CCD36690}.Debug|iPhoneSimulator.Build.0 = Debug|Any CPU
		{8D016D01-EFC6-4745-BBDE-AD66CCD36690}.Debug|x64.ActiveCfg = Debug|Any CPU
		{8D016D01-EFC6-4745-BBDE-AD66CCD36690}.Debug|x64.Build.0 = Debug|Any CPU
		{8D016D01-EFC6-4745-BBDE-AD66CCD36690}.Debug|x86.ActiveCfg = Debug|Any CPU
		{8D016D01-EFC6-4745-BBDE-AD66CCD36690}.Debug|x86.Build.0 = Debug|Any CPU
		{8D016D01-EFC6-4745-BBDE-AD66CCD36690}.Release|Any CPU.ActiveCfg = Release|Any CPU
		{8D016D01-EFC6-4745-BBDE-AD66CCD36690}.Release|Any CPU.Build.0 = Release|Any CPU
		{8D016D01-EFC6-4745-BBDE-AD66CCD36690}.Release|ARM.ActiveCfg = Release|Any CPU
		{8D016D01-EFC6-4745-BBDE-AD66CCD36690}.Release|ARM.Build.0 = Release|Any CPU
		{8D016D01-EFC6-4745-BBDE-AD66CCD36690}.Release|ARM64.ActiveCfg = Release|Any CPU
		{8D016D01-EFC6-4745-BBDE-AD66CCD36690}.Release|ARM64.Build.0 = Release|Any CPU
		{8D016D01-EFC6-4745-BBDE-AD66CCD36690}.Release|iPhone.ActiveCfg = Release|Any CPU
		{8D016D01-EFC6-4745-BBDE-AD66CCD36690}.Release|iPhone.Build.0 = Release|Any CPU
		{8D016D01-EFC6-4745-BBDE-AD66CCD36690}.Release|iPhoneSimulator.ActiveCfg = Release|Any CPU
		{8D016D01-EFC6-4745-BBDE-AD66CCD36690}.Release|iPhoneSimulator.Build.0 = Release|Any CPU
		{8D016D01-EFC6-4745-BBDE-AD66CCD36690}.Release|x64.ActiveCfg = Release|Any CPU
		{8D016D01-EFC6-4745-BBDE-AD66CCD36690}.Release|x64.Build.0 = Release|Any CPU
		{8D016D01-EFC6-4745-BBDE-AD66CCD36690}.Release|x86.ActiveCfg = Release|Any CPU
		{8D016D01-EFC6-4745-BBDE-AD66CCD36690}.Release|x86.Build.0 = Release|Any CPU
		{A1BB0D95-50CA-4FFF-B5D1-AE16A99FE906}.Ad-Hoc|Any CPU.ActiveCfg = Release|Any CPU
		{A1BB0D95-50CA-4FFF-B5D1-AE16A99FE906}.Ad-Hoc|Any CPU.Build.0 = Release|Any CPU
		{A1BB0D95-50CA-4FFF-B5D1-AE16A99FE906}.Ad-Hoc|ARM.ActiveCfg = Release|Any CPU
		{A1BB0D95-50CA-4FFF-B5D1-AE16A99FE906}.Ad-Hoc|ARM.Build.0 = Release|Any CPU
		{A1BB0D95-50CA-4FFF-B5D1-AE16A99FE906}.Ad-Hoc|ARM64.ActiveCfg = Release|Any CPU
		{A1BB0D95-50CA-4FFF-B5D1-AE16A99FE906}.Ad-Hoc|ARM64.Build.0 = Release|Any CPU
		{A1BB0D95-50CA-4FFF-B5D1-AE16A99FE906}.Ad-Hoc|iPhone.ActiveCfg = Debug|Any CPU
		{A1BB0D95-50CA-4FFF-B5D1-AE16A99FE906}.Ad-Hoc|iPhone.Build.0 = Debug|Any CPU
		{A1BB0D95-50CA-4FFF-B5D1-AE16A99FE906}.Ad-Hoc|iPhoneSimulator.ActiveCfg = Release|Any CPU
		{A1BB0D95-50CA-4FFF-B5D1-AE16A99FE906}.Ad-Hoc|iPhoneSimulator.Build.0 = Release|Any CPU
		{A1BB0D95-50CA-4FFF-B5D1-AE16A99FE906}.Ad-Hoc|x64.ActiveCfg = Release|Any CPU
		{A1BB0D95-50CA-4FFF-B5D1-AE16A99FE906}.Ad-Hoc|x64.Build.0 = Release|Any CPU
		{A1BB0D95-50CA-4FFF-B5D1-AE16A99FE906}.Ad-Hoc|x86.ActiveCfg = Release|Any CPU
		{A1BB0D95-50CA-4FFF-B5D1-AE16A99FE906}.Ad-Hoc|x86.Build.0 = Release|Any CPU
		{A1BB0D95-50CA-4FFF-B5D1-AE16A99FE906}.AppStore|Any CPU.ActiveCfg = Release|Any CPU
		{A1BB0D95-50CA-4FFF-B5D1-AE16A99FE906}.AppStore|Any CPU.Build.0 = Release|Any CPU
		{A1BB0D95-50CA-4FFF-B5D1-AE16A99FE906}.AppStore|ARM.ActiveCfg = Release|Any CPU
		{A1BB0D95-50CA-4FFF-B5D1-AE16A99FE906}.AppStore|ARM.Build.0 = Release|Any CPU
		{A1BB0D95-50CA-4FFF-B5D1-AE16A99FE906}.AppStore|ARM64.ActiveCfg = Release|Any CPU
		{A1BB0D95-50CA-4FFF-B5D1-AE16A99FE906}.AppStore|ARM64.Build.0 = Release|Any CPU
		{A1BB0D95-50CA-4FFF-B5D1-AE16A99FE906}.AppStore|iPhone.ActiveCfg = Debug|Any CPU
		{A1BB0D95-50CA-4FFF-B5D1-AE16A99FE906}.AppStore|iPhone.Build.0 = Debug|Any CPU
		{A1BB0D95-50CA-4FFF-B5D1-AE16A99FE906}.AppStore|iPhoneSimulator.ActiveCfg = Release|Any CPU
		{A1BB0D95-50CA-4FFF-B5D1-AE16A99FE906}.AppStore|iPhoneSimulator.Build.0 = Release|Any CPU
		{A1BB0D95-50CA-4FFF-B5D1-AE16A99FE906}.AppStore|x64.ActiveCfg = Release|Any CPU
		{A1BB0D95-50CA-4FFF-B5D1-AE16A99FE906}.AppStore|x64.Build.0 = Release|Any CPU
		{A1BB0D95-50CA-4FFF-B5D1-AE16A99FE906}.AppStore|x86.ActiveCfg = Release|Any CPU
		{A1BB0D95-50CA-4FFF-B5D1-AE16A99FE906}.AppStore|x86.Build.0 = Release|Any CPU
		{A1BB0D95-50CA-4FFF-B5D1-AE16A99FE906}.Debug|Any CPU.ActiveCfg = Debug|Any CPU
		{A1BB0D95-50CA-4FFF-B5D1-AE16A99FE906}.Debug|Any CPU.Build.0 = Debug|Any CPU
		{A1BB0D95-50CA-4FFF-B5D1-AE16A99FE906}.Debug|ARM.ActiveCfg = Debug|Any CPU
		{A1BB0D95-50CA-4FFF-B5D1-AE16A99FE906}.Debug|ARM.Build.0 = Debug|Any CPU
		{A1BB0D95-50CA-4FFF-B5D1-AE16A99FE906}.Debug|ARM64.ActiveCfg = Debug|Any CPU
		{A1BB0D95-50CA-4FFF-B5D1-AE16A99FE906}.Debug|ARM64.Build.0 = Debug|Any CPU
		{A1BB0D95-50CA-4FFF-B5D1-AE16A99FE906}.Debug|iPhone.ActiveCfg = Debug|Any CPU
		{A1BB0D95-50CA-4FFF-B5D1-AE16A99FE906}.Debug|iPhone.Build.0 = Debug|Any CPU
		{A1BB0D95-50CA-4FFF-B5D1-AE16A99FE906}.Debug|iPhoneSimulator.ActiveCfg = Debug|Any CPU
		{A1BB0D95-50CA-4FFF-B5D1-AE16A99FE906}.Debug|iPhoneSimulator.Build.0 = Debug|Any CPU
		{A1BB0D95-50CA-4FFF-B5D1-AE16A99FE906}.Debug|x64.ActiveCfg = Debug|Any CPU
		{A1BB0D95-50CA-4FFF-B5D1-AE16A99FE906}.Debug|x64.Build.0 = Debug|Any CPU
		{A1BB0D95-50CA-4FFF-B5D1-AE16A99FE906}.Debug|x86.ActiveCfg = Debug|Any CPU
		{A1BB0D95-50CA-4FFF-B5D1-AE16A99FE906}.Debug|x86.Build.0 = Debug|Any CPU
		{A1BB0D95-50CA-4FFF-B5D1-AE16A99FE906}.Release|Any CPU.ActiveCfg = Release|Any CPU
		{A1BB0D95-50CA-4FFF-B5D1-AE16A99FE906}.Release|Any CPU.Build.0 = Release|Any CPU
		{A1BB0D95-50CA-4FFF-B5D1-AE16A99FE906}.Release|ARM.ActiveCfg = Release|Any CPU
		{A1BB0D95-50CA-4FFF-B5D1-AE16A99FE906}.Release|ARM.Build.0 = Release|Any CPU
		{A1BB0D95-50CA-4FFF-B5D1-AE16A99FE906}.Release|ARM64.ActiveCfg = Release|Any CPU
		{A1BB0D95-50CA-4FFF-B5D1-AE16A99FE906}.Release|ARM64.Build.0 = Release|Any CPU
		{A1BB0D95-50CA-4FFF-B5D1-AE16A99FE906}.Release|iPhone.ActiveCfg = Release|Any CPU
		{A1BB0D95-50CA-4FFF-B5D1-AE16A99FE906}.Release|iPhone.Build.0 = Release|Any CPU
		{A1BB0D95-50CA-4FFF-B5D1-AE16A99FE906}.Release|iPhoneSimulator.ActiveCfg = Release|Any CPU
		{A1BB0D95-50CA-4FFF-B5D1-AE16A99FE906}.Release|iPhoneSimulator.Build.0 = Release|Any CPU
		{A1BB0D95-50CA-4FFF-B5D1-AE16A99FE906}.Release|x64.ActiveCfg = Release|Any CPU
		{A1BB0D95-50CA-4FFF-B5D1-AE16A99FE906}.Release|x64.Build.0 = Release|Any CPU
		{A1BB0D95-50CA-4FFF-B5D1-AE16A99FE906}.Release|x86.ActiveCfg = Release|Any CPU
		{A1BB0D95-50CA-4FFF-B5D1-AE16A99FE906}.Release|x86.Build.0 = Release|Any CPU
		{C86B017B-C5BE-4B86-9D1C-84896DAA7147}.Ad-Hoc|Any CPU.ActiveCfg = Release|Any CPU
		{C86B017B-C5BE-4B86-9D1C-84896DAA7147}.Ad-Hoc|Any CPU.Build.0 = Release|Any CPU
		{C86B017B-C5BE-4B86-9D1C-84896DAA7147}.Ad-Hoc|ARM.ActiveCfg = Release|Any CPU
		{C86B017B-C5BE-4B86-9D1C-84896DAA7147}.Ad-Hoc|ARM.Build.0 = Release|Any CPU
		{C86B017B-C5BE-4B86-9D1C-84896DAA7147}.Ad-Hoc|ARM64.ActiveCfg = Release|Any CPU
		{C86B017B-C5BE-4B86-9D1C-84896DAA7147}.Ad-Hoc|ARM64.Build.0 = Release|Any CPU
		{C86B017B-C5BE-4B86-9D1C-84896DAA7147}.Ad-Hoc|iPhone.ActiveCfg = Debug|Any CPU
		{C86B017B-C5BE-4B86-9D1C-84896DAA7147}.Ad-Hoc|iPhone.Build.0 = Debug|Any CPU
		{C86B017B-C5BE-4B86-9D1C-84896DAA7147}.Ad-Hoc|iPhoneSimulator.ActiveCfg = Release|Any CPU
		{C86B017B-C5BE-4B86-9D1C-84896DAA7147}.Ad-Hoc|iPhoneSimulator.Build.0 = Release|Any CPU
		{C86B017B-C5BE-4B86-9D1C-84896DAA7147}.Ad-Hoc|x64.ActiveCfg = Release|Any CPU
		{C86B017B-C5BE-4B86-9D1C-84896DAA7147}.Ad-Hoc|x64.Build.0 = Release|Any CPU
		{C86B017B-C5BE-4B86-9D1C-84896DAA7147}.Ad-Hoc|x86.ActiveCfg = Release|Any CPU
		{C86B017B-C5BE-4B86-9D1C-84896DAA7147}.Ad-Hoc|x86.Build.0 = Release|Any CPU
		{C86B017B-C5BE-4B86-9D1C-84896DAA7147}.AppStore|Any CPU.ActiveCfg = Release|Any CPU
		{C86B017B-C5BE-4B86-9D1C-84896DAA7147}.AppStore|Any CPU.Build.0 = Release|Any CPU
		{C86B017B-C5BE-4B86-9D1C-84896DAA7147}.AppStore|ARM.ActiveCfg = Release|Any CPU
		{C86B017B-C5BE-4B86-9D1C-84896DAA7147}.AppStore|ARM.Build.0 = Release|Any CPU
		{C86B017B-C5BE-4B86-9D1C-84896DAA7147}.AppStore|ARM64.ActiveCfg = Release|Any CPU
		{C86B017B-C5BE-4B86-9D1C-84896DAA7147}.AppStore|ARM64.Build.0 = Release|Any CPU
		{C86B017B-C5BE-4B86-9D1C-84896DAA7147}.AppStore|iPhone.ActiveCfg = Debug|Any CPU
		{C86B017B-C5BE-4B86-9D1C-84896DAA7147}.AppStore|iPhone.Build.0 = Debug|Any CPU
		{C86B017B-C5BE-4B86-9D1C-84896DAA7147}.AppStore|iPhoneSimulator.ActiveCfg = Release|Any CPU
		{C86B017B-C5BE-4B86-9D1C-84896DAA7147}.AppStore|iPhoneSimulator.Build.0 = Release|Any CPU
		{C86B017B-C5BE-4B86-9D1C-84896DAA7147}.AppStore|x64.ActiveCfg = Release|Any CPU
		{C86B017B-C5BE-4B86-9D1C-84896DAA7147}.AppStore|x64.Build.0 = Release|Any CPU
		{C86B017B-C5BE-4B86-9D1C-84896DAA7147}.AppStore|x86.ActiveCfg = Release|Any CPU
		{C86B017B-C5BE-4B86-9D1C-84896DAA7147}.AppStore|x86.Build.0 = Release|Any CPU
		{C86B017B-C5BE-4B86-9D1C-84896DAA7147}.Debug|Any CPU.ActiveCfg = Debug|Any CPU
		{C86B017B-C5BE-4B86-9D1C-84896DAA7147}.Debug|Any CPU.Build.0 = Debug|Any CPU
		{C86B017B-C5BE-4B86-9D1C-84896DAA7147}.Debug|ARM.ActiveCfg = Debug|Any CPU
		{C86B017B-C5BE-4B86-9D1C-84896DAA7147}.Debug|ARM.Build.0 = Debug|Any CPU
		{C86B017B-C5BE-4B86-9D1C-84896DAA7147}.Debug|ARM64.ActiveCfg = Debug|Any CPU
		{C86B017B-C5BE-4B86-9D1C-84896DAA7147}.Debug|ARM64.Build.0 = Debug|Any CPU
		{C86B017B-C5BE-4B86-9D1C-84896DAA7147}.Debug|iPhone.ActiveCfg = Debug|Any CPU
		{C86B017B-C5BE-4B86-9D1C-84896DAA7147}.Debug|iPhone.Build.0 = Debug|Any CPU
		{C86B017B-C5BE-4B86-9D1C-84896DAA7147}.Debug|iPhoneSimulator.ActiveCfg = Debug|Any CPU
		{C86B017B-C5BE-4B86-9D1C-84896DAA7147}.Debug|iPhoneSimulator.Build.0 = Debug|Any CPU
		{C86B017B-C5BE-4B86-9D1C-84896DAA7147}.Debug|x64.ActiveCfg = Debug|Any CPU
		{C86B017B-C5BE-4B86-9D1C-84896DAA7147}.Debug|x64.Build.0 = Debug|Any CPU
		{C86B017B-C5BE-4B86-9D1C-84896DAA7147}.Debug|x86.ActiveCfg = Debug|Any CPU
		{C86B017B-C5BE-4B86-9D1C-84896DAA7147}.Debug|x86.Build.0 = Debug|Any CPU
		{C86B017B-C5BE-4B86-9D1C-84896DAA7147}.Release|Any CPU.ActiveCfg = Release|Any CPU
		{C86B017B-C5BE-4B86-9D1C-84896DAA7147}.Release|Any CPU.Build.0 = Release|Any CPU
		{C86B017B-C5BE-4B86-9D1C-84896DAA7147}.Release|ARM.ActiveCfg = Release|Any CPU
		{C86B017B-C5BE-4B86-9D1C-84896DAA7147}.Release|ARM.Build.0 = Release|Any CPU
		{C86B017B-C5BE-4B86-9D1C-84896DAA7147}.Release|ARM64.ActiveCfg = Release|Any CPU
		{C86B017B-C5BE-4B86-9D1C-84896DAA7147}.Release|ARM64.Build.0 = Release|Any CPU
		{C86B017B-C5BE-4B86-9D1C-84896DAA7147}.Release|iPhone.ActiveCfg = Release|Any CPU
		{C86B017B-C5BE-4B86-9D1C-84896DAA7147}.Release|iPhone.Build.0 = Release|Any CPU
		{C86B017B-C5BE-4B86-9D1C-84896DAA7147}.Release|iPhoneSimulator.ActiveCfg = Release|Any CPU
		{C86B017B-C5BE-4B86-9D1C-84896DAA7147}.Release|iPhoneSimulator.Build.0 = Release|Any CPU
		{C86B017B-C5BE-4B86-9D1C-84896DAA7147}.Release|x64.ActiveCfg = Release|Any CPU
		{C86B017B-C5BE-4B86-9D1C-84896DAA7147}.Release|x64.Build.0 = Release|Any CPU
		{C86B017B-C5BE-4B86-9D1C-84896DAA7147}.Release|x86.ActiveCfg = Release|Any CPU
		{C86B017B-C5BE-4B86-9D1C-84896DAA7147}.Release|x86.Build.0 = Release|Any CPU
		{CA7AB65C-57DE-412C-AF42-E7E6EDDF2D5F}.Ad-Hoc|Any CPU.ActiveCfg = Ad-Hoc|iPhoneSimulator
		{CA7AB65C-57DE-412C-AF42-E7E6EDDF2D5F}.Ad-Hoc|ARM.ActiveCfg = Ad-Hoc|iPhoneSimulator
		{CA7AB65C-57DE-412C-AF42-E7E6EDDF2D5F}.Ad-Hoc|ARM64.ActiveCfg = Ad-Hoc|iPhoneSimulator
		{CA7AB65C-57DE-412C-AF42-E7E6EDDF2D5F}.Ad-Hoc|iPhone.ActiveCfg = Ad-Hoc|iPhone
		{CA7AB65C-57DE-412C-AF42-E7E6EDDF2D5F}.Ad-Hoc|iPhone.Build.0 = Ad-Hoc|iPhone
		{CA7AB65C-57DE-412C-AF42-E7E6EDDF2D5F}.Ad-Hoc|iPhoneSimulator.ActiveCfg = Ad-Hoc|iPhoneSimulator
		{CA7AB65C-57DE-412C-AF42-E7E6EDDF2D5F}.Ad-Hoc|iPhoneSimulator.Build.0 = Ad-Hoc|iPhoneSimulator
		{CA7AB65C-57DE-412C-AF42-E7E6EDDF2D5F}.Ad-Hoc|x64.ActiveCfg = Ad-Hoc|iPhoneSimulator
		{CA7AB65C-57DE-412C-AF42-E7E6EDDF2D5F}.Ad-Hoc|x86.ActiveCfg = Ad-Hoc|iPhoneSimulator
		{CA7AB65C-57DE-412C-AF42-E7E6EDDF2D5F}.AppStore|Any CPU.ActiveCfg = AppStore|iPhoneSimulator
		{CA7AB65C-57DE-412C-AF42-E7E6EDDF2D5F}.AppStore|ARM.ActiveCfg = AppStore|iPhoneSimulator
		{CA7AB65C-57DE-412C-AF42-E7E6EDDF2D5F}.AppStore|ARM64.ActiveCfg = AppStore|iPhoneSimulator
		{CA7AB65C-57DE-412C-AF42-E7E6EDDF2D5F}.AppStore|iPhone.ActiveCfg = AppStore|iPhone
		{CA7AB65C-57DE-412C-AF42-E7E6EDDF2D5F}.AppStore|iPhone.Build.0 = AppStore|iPhone
		{CA7AB65C-57DE-412C-AF42-E7E6EDDF2D5F}.AppStore|iPhoneSimulator.ActiveCfg = AppStore|iPhoneSimulator
		{CA7AB65C-57DE-412C-AF42-E7E6EDDF2D5F}.AppStore|iPhoneSimulator.Build.0 = AppStore|iPhoneSimulator
		{CA7AB65C-57DE-412C-AF42-E7E6EDDF2D5F}.AppStore|x64.ActiveCfg = AppStore|iPhoneSimulator
		{CA7AB65C-57DE-412C-AF42-E7E6EDDF2D5F}.AppStore|x86.ActiveCfg = AppStore|iPhoneSimulator
		{CA7AB65C-57DE-412C-AF42-E7E6EDDF2D5F}.Debug|Any CPU.ActiveCfg = Debug|iPhoneSimulator
		{CA7AB65C-57DE-412C-AF42-E7E6EDDF2D5F}.Debug|Any CPU.Build.0 = Debug|iPhoneSimulator
		{CA7AB65C-57DE-412C-AF42-E7E6EDDF2D5F}.Debug|ARM.ActiveCfg = Debug|iPhone
		{CA7AB65C-57DE-412C-AF42-E7E6EDDF2D5F}.Debug|ARM64.ActiveCfg = Debug|iPhone
		{CA7AB65C-57DE-412C-AF42-E7E6EDDF2D5F}.Debug|iPhone.ActiveCfg = Debug|iPhone
		{CA7AB65C-57DE-412C-AF42-E7E6EDDF2D5F}.Debug|iPhone.Build.0 = Debug|iPhone
		{CA7AB65C-57DE-412C-AF42-E7E6EDDF2D5F}.Debug|iPhoneSimulator.ActiveCfg = Debug|iPhoneSimulator
		{CA7AB65C-57DE-412C-AF42-E7E6EDDF2D5F}.Debug|iPhoneSimulator.Build.0 = Debug|iPhoneSimulator
		{CA7AB65C-57DE-412C-AF42-E7E6EDDF2D5F}.Debug|x64.ActiveCfg = Debug|iPhoneSimulator
		{CA7AB65C-57DE-412C-AF42-E7E6EDDF2D5F}.Debug|x64.Build.0 = Debug|iPhoneSimulator
		{CA7AB65C-57DE-412C-AF42-E7E6EDDF2D5F}.Debug|x86.ActiveCfg = Debug|iPhoneSimulator
		{CA7AB65C-57DE-412C-AF42-E7E6EDDF2D5F}.Debug|x86.Build.0 = Debug|iPhoneSimulator
		{CA7AB65C-57DE-412C-AF42-E7E6EDDF2D5F}.Release|Any CPU.ActiveCfg = Release|iPhoneSimulator
		{CA7AB65C-57DE-412C-AF42-E7E6EDDF2D5F}.Release|Any CPU.Build.0 = Release|iPhoneSimulator
		{CA7AB65C-57DE-412C-AF42-E7E6EDDF2D5F}.Release|ARM.ActiveCfg = Release|iPhone
		{CA7AB65C-57DE-412C-AF42-E7E6EDDF2D5F}.Release|ARM64.ActiveCfg = Release|iPhone
		{CA7AB65C-57DE-412C-AF42-E7E6EDDF2D5F}.Release|iPhone.ActiveCfg = Release|iPhone
		{CA7AB65C-57DE-412C-AF42-E7E6EDDF2D5F}.Release|iPhone.Build.0 = Release|iPhone
		{CA7AB65C-57DE-412C-AF42-E7E6EDDF2D5F}.Release|iPhoneSimulator.ActiveCfg = Release|iPhoneSimulator
		{CA7AB65C-57DE-412C-AF42-E7E6EDDF2D5F}.Release|iPhoneSimulator.Build.0 = Release|iPhoneSimulator
		{CA7AB65C-57DE-412C-AF42-E7E6EDDF2D5F}.Release|x64.ActiveCfg = Release|iPhoneSimulator
		{CA7AB65C-57DE-412C-AF42-E7E6EDDF2D5F}.Release|x64.Build.0 = Release|iPhoneSimulator
		{CA7AB65C-57DE-412C-AF42-E7E6EDDF2D5F}.Release|x86.ActiveCfg = Release|iPhoneSimulator
		{CA7AB65C-57DE-412C-AF42-E7E6EDDF2D5F}.Release|x86.Build.0 = Release|iPhoneSimulator
		{410C0262-131C-4D0E-910D-D01B4F7143E0}.Ad-Hoc|Any CPU.ActiveCfg = Debug|Any CPU
		{410C0262-131C-4D0E-910D-D01B4F7143E0}.Ad-Hoc|Any CPU.Build.0 = Debug|Any CPU
		{410C0262-131C-4D0E-910D-D01B4F7143E0}.Ad-Hoc|Any CPU.Deploy.0 = Debug|Any CPU
		{410C0262-131C-4D0E-910D-D01B4F7143E0}.Ad-Hoc|ARM.ActiveCfg = Debug|Any CPU
		{410C0262-131C-4D0E-910D-D01B4F7143E0}.Ad-Hoc|ARM.Build.0 = Debug|Any CPU
		{410C0262-131C-4D0E-910D-D01B4F7143E0}.Ad-Hoc|ARM.Deploy.0 = Debug|Any CPU
		{410C0262-131C-4D0E-910D-D01B4F7143E0}.Ad-Hoc|ARM64.ActiveCfg = Debug|Any CPU
		{410C0262-131C-4D0E-910D-D01B4F7143E0}.Ad-Hoc|ARM64.Build.0 = Debug|Any CPU
		{410C0262-131C-4D0E-910D-D01B4F7143E0}.Ad-Hoc|ARM64.Deploy.0 = Debug|Any CPU
		{410C0262-131C-4D0E-910D-D01B4F7143E0}.Ad-Hoc|iPhone.ActiveCfg = Release|Any CPU
		{410C0262-131C-4D0E-910D-D01B4F7143E0}.Ad-Hoc|iPhone.Build.0 = Release|Any CPU
		{410C0262-131C-4D0E-910D-D01B4F7143E0}.Ad-Hoc|iPhoneSimulator.ActiveCfg = Debug|Any CPU
		{410C0262-131C-4D0E-910D-D01B4F7143E0}.Ad-Hoc|iPhoneSimulator.Build.0 = Debug|Any CPU
		{410C0262-131C-4D0E-910D-D01B4F7143E0}.Ad-Hoc|iPhoneSimulator.Deploy.0 = Debug|Any CPU
		{410C0262-131C-4D0E-910D-D01B4F7143E0}.Ad-Hoc|x64.ActiveCfg = Debug|Any CPU
		{410C0262-131C-4D0E-910D-D01B4F7143E0}.Ad-Hoc|x64.Build.0 = Debug|Any CPU
		{410C0262-131C-4D0E-910D-D01B4F7143E0}.Ad-Hoc|x64.Deploy.0 = Debug|Any CPU
		{410C0262-131C-4D0E-910D-D01B4F7143E0}.Ad-Hoc|x86.ActiveCfg = Debug|Any CPU
		{410C0262-131C-4D0E-910D-D01B4F7143E0}.Ad-Hoc|x86.Build.0 = Debug|Any CPU
		{410C0262-131C-4D0E-910D-D01B4F7143E0}.Ad-Hoc|x86.Deploy.0 = Debug|Any CPU
		{410C0262-131C-4D0E-910D-D01B4F7143E0}.AppStore|Any CPU.ActiveCfg = Debug|Any CPU
		{410C0262-131C-4D0E-910D-D01B4F7143E0}.AppStore|Any CPU.Build.0 = Debug|Any CPU
		{410C0262-131C-4D0E-910D-D01B4F7143E0}.AppStore|Any CPU.Deploy.0 = Debug|Any CPU
		{410C0262-131C-4D0E-910D-D01B4F7143E0}.AppStore|ARM.ActiveCfg = Debug|Any CPU
		{410C0262-131C-4D0E-910D-D01B4F7143E0}.AppStore|ARM.Build.0 = Debug|Any CPU
		{410C0262-131C-4D0E-910D-D01B4F7143E0}.AppStore|ARM.Deploy.0 = Debug|Any CPU
		{410C0262-131C-4D0E-910D-D01B4F7143E0}.AppStore|ARM64.ActiveCfg = Debug|Any CPU
		{410C0262-131C-4D0E-910D-D01B4F7143E0}.AppStore|ARM64.Build.0 = Debug|Any CPU
		{410C0262-131C-4D0E-910D-D01B4F7143E0}.AppStore|ARM64.Deploy.0 = Debug|Any CPU
		{410C0262-131C-4D0E-910D-D01B4F7143E0}.AppStore|iPhone.ActiveCfg = Release|Any CPU
		{410C0262-131C-4D0E-910D-D01B4F7143E0}.AppStore|iPhone.Build.0 = Release|Any CPU
		{410C0262-131C-4D0E-910D-D01B4F7143E0}.AppStore|iPhoneSimulator.ActiveCfg = Debug|Any CPU
		{410C0262-131C-4D0E-910D-D01B4F7143E0}.AppStore|iPhoneSimulator.Build.0 = Debug|Any CPU
		{410C0262-131C-4D0E-910D-D01B4F7143E0}.AppStore|iPhoneSimulator.Deploy.0 = Debug|Any CPU
		{410C0262-131C-4D0E-910D-D01B4F7143E0}.AppStore|x64.ActiveCfg = Debug|Any CPU
		{410C0262-131C-4D0E-910D-D01B4F7143E0}.AppStore|x64.Build.0 = Debug|Any CPU
		{410C0262-131C-4D0E-910D-D01B4F7143E0}.AppStore|x64.Deploy.0 = Debug|Any CPU
		{410C0262-131C-4D0E-910D-D01B4F7143E0}.AppStore|x86.ActiveCfg = Debug|Any CPU
		{410C0262-131C-4D0E-910D-D01B4F7143E0}.AppStore|x86.Build.0 = Debug|Any CPU
		{410C0262-131C-4D0E-910D-D01B4F7143E0}.AppStore|x86.Deploy.0 = Debug|Any CPU
		{410C0262-131C-4D0E-910D-D01B4F7143E0}.Debug|Any CPU.ActiveCfg = Debug|Any CPU
		{410C0262-131C-4D0E-910D-D01B4F7143E0}.Debug|Any CPU.Build.0 = Debug|Any CPU
		{410C0262-131C-4D0E-910D-D01B4F7143E0}.Debug|ARM.ActiveCfg = Debug|Any CPU
		{410C0262-131C-4D0E-910D-D01B4F7143E0}.Debug|ARM.Build.0 = Debug|Any CPU
		{410C0262-131C-4D0E-910D-D01B4F7143E0}.Debug|ARM.Deploy.0 = Debug|Any CPU
		{410C0262-131C-4D0E-910D-D01B4F7143E0}.Debug|ARM64.ActiveCfg = Debug|Any CPU
		{410C0262-131C-4D0E-910D-D01B4F7143E0}.Debug|ARM64.Build.0 = Debug|Any CPU
		{410C0262-131C-4D0E-910D-D01B4F7143E0}.Debug|ARM64.Deploy.0 = Debug|Any CPU
		{410C0262-131C-4D0E-910D-D01B4F7143E0}.Debug|iPhone.ActiveCfg = Debug|Any CPU
		{410C0262-131C-4D0E-910D-D01B4F7143E0}.Debug|iPhone.Build.0 = Debug|Any CPU
		{410C0262-131C-4D0E-910D-D01B4F7143E0}.Debug|iPhoneSimulator.ActiveCfg = Debug|Any CPU
		{410C0262-131C-4D0E-910D-D01B4F7143E0}.Debug|iPhoneSimulator.Build.0 = Debug|Any CPU
		{410C0262-131C-4D0E-910D-D01B4F7143E0}.Debug|x64.ActiveCfg = Debug|Any CPU
		{410C0262-131C-4D0E-910D-D01B4F7143E0}.Debug|x64.Build.0 = Debug|Any CPU
		{410C0262-131C-4D0E-910D-D01B4F7143E0}.Debug|x86.ActiveCfg = Debug|Any CPU
		{410C0262-131C-4D0E-910D-D01B4F7143E0}.Debug|x86.Build.0 = Debug|Any CPU
		{410C0262-131C-4D0E-910D-D01B4F7143E0}.Release|Any CPU.ActiveCfg = Release|Any CPU
		{410C0262-131C-4D0E-910D-D01B4F7143E0}.Release|Any CPU.Build.0 = Release|Any CPU
		{410C0262-131C-4D0E-910D-D01B4F7143E0}.Release|ARM.ActiveCfg = Release|Any CPU
		{410C0262-131C-4D0E-910D-D01B4F7143E0}.Release|ARM.Build.0 = Release|Any CPU
		{410C0262-131C-4D0E-910D-D01B4F7143E0}.Release|ARM.Deploy.0 = Release|Any CPU
		{410C0262-131C-4D0E-910D-D01B4F7143E0}.Release|ARM64.ActiveCfg = Release|Any CPU
		{410C0262-131C-4D0E-910D-D01B4F7143E0}.Release|ARM64.Build.0 = Release|Any CPU
		{410C0262-131C-4D0E-910D-D01B4F7143E0}.Release|ARM64.Deploy.0 = Release|Any CPU
		{410C0262-131C-4D0E-910D-D01B4F7143E0}.Release|iPhone.ActiveCfg = Release|Any CPU
		{410C0262-131C-4D0E-910D-D01B4F7143E0}.Release|iPhone.Build.0 = Release|Any CPU
		{410C0262-131C-4D0E-910D-D01B4F7143E0}.Release|iPhoneSimulator.ActiveCfg = Release|Any CPU
		{410C0262-131C-4D0E-910D-D01B4F7143E0}.Release|iPhoneSimulator.Build.0 = Release|Any CPU
		{410C0262-131C-4D0E-910D-D01B4F7143E0}.Release|x64.ActiveCfg = Release|Any CPU
		{410C0262-131C-4D0E-910D-D01B4F7143E0}.Release|x64.Build.0 = Release|Any CPU
		{410C0262-131C-4D0E-910D-D01B4F7143E0}.Release|x86.ActiveCfg = Release|Any CPU
		{410C0262-131C-4D0E-910D-D01B4F7143E0}.Release|x86.Build.0 = Release|Any CPU
		{1AD839CB-6EC9-4FCC-A343-C0A9E1DF9CEF}.Ad-Hoc|Any CPU.ActiveCfg = Release|Any CPU
		{1AD839CB-6EC9-4FCC-A343-C0A9E1DF9CEF}.Ad-Hoc|Any CPU.Build.0 = Release|Any CPU
		{1AD839CB-6EC9-4FCC-A343-C0A9E1DF9CEF}.Ad-Hoc|ARM.ActiveCfg = Release|ARM
		{1AD839CB-6EC9-4FCC-A343-C0A9E1DF9CEF}.Ad-Hoc|ARM.Build.0 = Release|ARM
		{1AD839CB-6EC9-4FCC-A343-C0A9E1DF9CEF}.Ad-Hoc|ARM64.ActiveCfg = Release|ARM64
		{1AD839CB-6EC9-4FCC-A343-C0A9E1DF9CEF}.Ad-Hoc|ARM64.Build.0 = Release|ARM64
		{1AD839CB-6EC9-4FCC-A343-C0A9E1DF9CEF}.Ad-Hoc|iPhone.ActiveCfg = Release|Any CPU
		{1AD839CB-6EC9-4FCC-A343-C0A9E1DF9CEF}.Ad-Hoc|iPhone.Build.0 = Release|Any CPU
		{1AD839CB-6EC9-4FCC-A343-C0A9E1DF9CEF}.Ad-Hoc|iPhoneSimulator.ActiveCfg = Release|Any CPU
		{1AD839CB-6EC9-4FCC-A343-C0A9E1DF9CEF}.Ad-Hoc|iPhoneSimulator.Build.0 = Release|Any CPU
		{1AD839CB-6EC9-4FCC-A343-C0A9E1DF9CEF}.Ad-Hoc|x64.ActiveCfg = Release|x64
		{1AD839CB-6EC9-4FCC-A343-C0A9E1DF9CEF}.Ad-Hoc|x64.Build.0 = Release|x64
		{1AD839CB-6EC9-4FCC-A343-C0A9E1DF9CEF}.Ad-Hoc|x86.ActiveCfg = Release|x86
		{1AD839CB-6EC9-4FCC-A343-C0A9E1DF9CEF}.Ad-Hoc|x86.Build.0 = Release|x86
		{1AD839CB-6EC9-4FCC-A343-C0A9E1DF9CEF}.AppStore|Any CPU.ActiveCfg = Release|Any CPU
		{1AD839CB-6EC9-4FCC-A343-C0A9E1DF9CEF}.AppStore|Any CPU.Build.0 = Release|Any CPU
		{1AD839CB-6EC9-4FCC-A343-C0A9E1DF9CEF}.AppStore|ARM.ActiveCfg = Release|ARM
		{1AD839CB-6EC9-4FCC-A343-C0A9E1DF9CEF}.AppStore|ARM.Build.0 = Release|ARM
		{1AD839CB-6EC9-4FCC-A343-C0A9E1DF9CEF}.AppStore|ARM64.ActiveCfg = Release|ARM64
		{1AD839CB-6EC9-4FCC-A343-C0A9E1DF9CEF}.AppStore|ARM64.Build.0 = Release|ARM64
		{1AD839CB-6EC9-4FCC-A343-C0A9E1DF9CEF}.AppStore|iPhone.ActiveCfg = Release|Any CPU
		{1AD839CB-6EC9-4FCC-A343-C0A9E1DF9CEF}.AppStore|iPhone.Build.0 = Release|Any CPU
		{1AD839CB-6EC9-4FCC-A343-C0A9E1DF9CEF}.AppStore|iPhoneSimulator.ActiveCfg = Release|Any CPU
		{1AD839CB-6EC9-4FCC-A343-C0A9E1DF9CEF}.AppStore|iPhoneSimulator.Build.0 = Release|Any CPU
		{1AD839CB-6EC9-4FCC-A343-C0A9E1DF9CEF}.AppStore|x64.ActiveCfg = Release|x64
		{1AD839CB-6EC9-4FCC-A343-C0A9E1DF9CEF}.AppStore|x64.Build.0 = Release|x64
		{1AD839CB-6EC9-4FCC-A343-C0A9E1DF9CEF}.AppStore|x86.ActiveCfg = Release|x86
		{1AD839CB-6EC9-4FCC-A343-C0A9E1DF9CEF}.AppStore|x86.Build.0 = Release|x86
		{1AD839CB-6EC9-4FCC-A343-C0A9E1DF9CEF}.Debug|Any CPU.ActiveCfg = Debug|Any CPU
		{1AD839CB-6EC9-4FCC-A343-C0A9E1DF9CEF}.Debug|Any CPU.Build.0 = Debug|Any CPU
		{1AD839CB-6EC9-4FCC-A343-C0A9E1DF9CEF}.Debug|ARM.ActiveCfg = Debug|ARM
		{1AD839CB-6EC9-4FCC-A343-C0A9E1DF9CEF}.Debug|ARM.Build.0 = Debug|ARM
		{1AD839CB-6EC9-4FCC-A343-C0A9E1DF9CEF}.Debug|ARM64.ActiveCfg = Debug|ARM64
		{1AD839CB-6EC9-4FCC-A343-C0A9E1DF9CEF}.Debug|ARM64.Build.0 = Debug|ARM64
		{1AD839CB-6EC9-4FCC-A343-C0A9E1DF9CEF}.Debug|iPhone.ActiveCfg = Debug|Any CPU
		{1AD839CB-6EC9-4FCC-A343-C0A9E1DF9CEF}.Debug|iPhone.Build.0 = Debug|Any CPU
		{1AD839CB-6EC9-4FCC-A343-C0A9E1DF9CEF}.Debug|iPhoneSimulator.ActiveCfg = Debug|Any CPU
		{1AD839CB-6EC9-4FCC-A343-C0A9E1DF9CEF}.Debug|iPhoneSimulator.Build.0 = Debug|Any CPU
		{1AD839CB-6EC9-4FCC-A343-C0A9E1DF9CEF}.Debug|x64.ActiveCfg = Debug|x64
		{1AD839CB-6EC9-4FCC-A343-C0A9E1DF9CEF}.Debug|x64.Build.0 = Debug|x64
		{1AD839CB-6EC9-4FCC-A343-C0A9E1DF9CEF}.Debug|x86.ActiveCfg = Debug|x86
		{1AD839CB-6EC9-4FCC-A343-C0A9E1DF9CEF}.Debug|x86.Build.0 = Debug|x86
		{1AD839CB-6EC9-4FCC-A343-C0A9E1DF9CEF}.Release|Any CPU.ActiveCfg = Release|Any CPU
		{1AD839CB-6EC9-4FCC-A343-C0A9E1DF9CEF}.Release|Any CPU.Build.0 = Release|Any CPU
		{1AD839CB-6EC9-4FCC-A343-C0A9E1DF9CEF}.Release|ARM.ActiveCfg = Release|ARM
		{1AD839CB-6EC9-4FCC-A343-C0A9E1DF9CEF}.Release|ARM.Build.0 = Release|ARM
		{1AD839CB-6EC9-4FCC-A343-C0A9E1DF9CEF}.Release|ARM64.ActiveCfg = Release|ARM64
		{1AD839CB-6EC9-4FCC-A343-C0A9E1DF9CEF}.Release|ARM64.Build.0 = Release|ARM64
		{1AD839CB-6EC9-4FCC-A343-C0A9E1DF9CEF}.Release|iPhone.ActiveCfg = Release|Any CPU
		{1AD839CB-6EC9-4FCC-A343-C0A9E1DF9CEF}.Release|iPhone.Build.0 = Release|Any CPU
		{1AD839CB-6EC9-4FCC-A343-C0A9E1DF9CEF}.Release|iPhoneSimulator.ActiveCfg = Release|Any CPU
		{1AD839CB-6EC9-4FCC-A343-C0A9E1DF9CEF}.Release|iPhoneSimulator.Build.0 = Release|Any CPU
		{1AD839CB-6EC9-4FCC-A343-C0A9E1DF9CEF}.Release|x64.ActiveCfg = Release|x64
		{1AD839CB-6EC9-4FCC-A343-C0A9E1DF9CEF}.Release|x64.Build.0 = Release|x64
		{1AD839CB-6EC9-4FCC-A343-C0A9E1DF9CEF}.Release|x86.ActiveCfg = Release|x86
		{1AD839CB-6EC9-4FCC-A343-C0A9E1DF9CEF}.Release|x86.Build.0 = Release|x86
	EndGlobalSection
	GlobalSection(SolutionProperties) = preSolution
		HideSolutionNode = FALSE
	EndGlobalSection
	GlobalSection(ExtensibilityGlobals) = postSolution
		SolutionGuid = {FDACDF74-CDA0-4643-B9A2-A48A365867A7}
	EndGlobalSection
EndGlobal
